
Microsoft Visual Studio Solution File, Format Version 12.00
# Visual Studio 14
VisualStudioVersion = 14.0.25420.1
MinimumVisualStudioVersion = 10.0.40219.1
Project("{2150E333-8FDC-42A3-9474-1A3956D46DE8}") = "src", "src", "{2EBF8C90-B993-49FA-B140-E8D6DA466785}"
EndProject
Project("{2150E333-8FDC-42A3-9474-1A3956D46DE8}") = "Solution Items", "Solution Items", "{A511E273-0193-4F38-81B1-495487EAD5E6}"
	ProjectSection(SolutionItems) = preProject
		global.json = global.json
	EndProjectSection
EndProject
Project("{8BB2217D-0F2D-49D1-97BC-3654ED321F3B}") = "Backery", "src\Backery\Backery.xproj", "{9F22A976-9599-4692-AA1C-CAFD8640FA58}"
EndProject
Global
	GlobalSection(SolutionConfigurationPlatforms) = preSolution
		Debug|Any CPU = Debug|Any CPU
		Release|Any CPU = Release|Any CPU
	EndGlobalSection
	GlobalSection(ProjectConfigurationPlatforms) = postSolution
		{9F22A976-9599-4692-AA1C-CAFD8640FA58}.Debug|Any CPU.ActiveCfg = Debug|Any CPU
		{9F22A976-9599-4692-AA1C-CAFD8640FA58}.Debug|Any CPU.Build.0 = Debug|Any CPU
		{9F22A976-9599-4692-AA1C-CAFD8640FA58}.Release|Any CPU.ActiveCfg = Release|Any CPU
		{9F22A976-9599-4692-AA1C-CAFD8640FA58}.Release|Any CPU.Build.0 = Release|Any CPU
	EndGlobalSection
	GlobalSection(SolutionProperties) = preSolution
		HideSolutionNode = FALSE
	EndGlobalSection
	GlobalSection(NestedProjects) = preSolution
		{9F22A976-9599-4692-AA1C-CAFD8640FA58} = {2EBF8C90-B993-49FA-B140-E8D6DA466785}
	EndGlobalSection
EndGlobal
